{
  "name": "raleigh-bikeways",
  "lockfileVersion": 3,
  "requires": true,
  "packages": {
    "": {
      "name": "raleigh-bikeways",
      "dependencies": {
        "@turf/boolean-intersects": "7.3.0",
        "@turf/boolean-point-in-polygon": "7.3.0",
        "@turf/buffer": "7.3.0",
        "@turf/line-intersect": "7.3.0",
        "@turf/simplify": "7.3.0"
      },
      "devDependencies": {
        "esbuild": "0.25.10"
      }
    },
    "node_modules/@esbuild/aix-ppc64": {
      "version": "0.25.10",
      "resolved": "https://registry.npmjs.org/@esbuild/aix-ppc64/-/aix-ppc64-0.25.10.tgz",
      "integrity": "sha512-0NFWnA+7l41irNuaSVlLfgNT12caWJVLzp5eAVhZ0z1qpxbockccEt3s+149rE64VUI3Ml2zt8Nv5JVc4QXTsw==",
      "cpu": [
        "ppc64"
      ],
      "dev": true,
      "license": "MIT",
      "optional": true,
      "os": [
        "aix"
      ],
      "engines": {
        "node": ">=18"
      }
    },
    "node_modules/@esbuild/android-arm": {
      "version": "0.25.10",
      "resolved": "https://registry.npmjs.org/@esbuild/android-arm/-/android-arm-0.25.10.tgz",
      "integrity": "sha512-dQAxF1dW1C3zpeCDc5KqIYuZ1tgAdRXNoZP7vkBIRtKZPYe2xVr/d3SkirklCHudW1B45tGiUlz2pUWDfbDD4w==",
      "cpu": [
        "arm"
      ],
      "dev": true,
      "license": "MIT",
      "optional": true,
      "os": [
        "android"
      ],
      "engines": {
        "node": ">=18"
      }
    },
    "node_modules/@esbuild/android-arm64": {
      "version": "0.25.10",
      "resolved": "https://registry.npmjs.org/@esbuild/android-arm64/-/android-arm64-0.25.10.tgz",
      "integrity": "sha512-LSQa7eDahypv/VO6WKohZGPSJDq5OVOo3UoFR1E4t4Gj1W7zEQMUhI+lo81H+DtB+kP+tDgBp+M4oNCwp6kffg==",
      "cpu": [
        "arm64"
      ],
      "dev": true,
      "license": "MIT",
      "optional": true,
      "os": [
        "android"
      ],
      "engines": {
        "node": ">=18"
      }
    },
    "node_modules/@esbuild/android-x64": {
      "version": "0.25.10",
      "resolved": "https://registry.npmjs.org/@esbuild/android-x64/-/android-x64-0.25.10.tgz",
      "integrity": "sha512-MiC9CWdPrfhibcXwr39p9ha1x0lZJ9KaVfvzA0Wxwz9ETX4v5CHfF09bx935nHlhi+MxhA63dKRRQLiVgSUtEg==",
      "cpu": [
        "x64"
      ],
      "dev": true,
      "license": "MIT",
      "optional": true,
      "os": [
        "android"
      ],
      "engines": {
        "node": ">=18"
      }
    },
    "node_modules/@esbuild/darwin-arm64": {
      "version": "0.25.10",
      "resolved": "https://registry.npmjs.org/@esbuild/darwin-arm64/-/darwin-arm64-0.25.10.tgz",
      "integrity": "sha512-JC74bdXcQEpW9KkV326WpZZjLguSZ3DfS8wrrvPMHgQOIEIG/sPXEN/V8IssoJhbefLRcRqw6RQH2NnpdprtMA==",
      "cpu": [
        "arm64"
      ],
      "dev": true,
      "license": "MIT",
      "optional": true,
      "os": [
        "darwin"
      ],
      "engines": {
        "node": ">=18"
      }
    },
    "node_modules/@esbuild/darwin-x64": {
      "version": "0.25.10",
      "resolved": "https://registry.npmjs.org/@esbuild/darwin-x64/-/darwin-x64-0.25.10.tgz",
      "integrity": "sha512-tguWg1olF6DGqzws97pKZ8G2L7Ig1vjDmGTwcTuYHbuU6TTjJe5FXbgs5C1BBzHbJ2bo1m3WkQDbWO2PvamRcg==",
      "cpu": [
        "x64"
      ],
      "dev": true,
      "license": "MIT",
      "optional": true,
      "os": [
        "darwin"
      ],
      "engines": {
        "node": ">=18"
      }
    },
    "node_modules/@esbuild/freebsd-arm64": {
      "version": "0.25.10",
      "resolved": "https://registry.npmjs.org/@esbuild/freebsd-arm64/-/freebsd-arm64-0.25.10.tgz",
      "integrity": "sha512-3ZioSQSg1HT2N05YxeJWYR+Libe3bREVSdWhEEgExWaDtyFbbXWb49QgPvFH8u03vUPX10JhJPcz7s9t9+boWg==",
      "cpu": [
        "arm64"
      ],
      "dev": true,
      "license": "MIT",
      "optional": true,
      "os": [
        "freebsd"
      ],
      "engines": {
        "node": ">=18"
      }
    },
    "node_modules/@esbuild/freebsd-x64": {
      "version": "0.25.10",
      "resolved": "https://registry.npmjs.org/@esbuild/freebsd-x64/-/freebsd-x64-0.25.10.tgz",
      "integrity": "sha512-LLgJfHJk014Aa4anGDbh8bmI5Lk+QidDmGzuC2D+vP7mv/GeSN+H39zOf7pN5N8p059FcOfs2bVlrRr4SK9WxA==",
      "cpu": [
        "x64"
      ],
      "dev": true,
      "license": "MIT",
      "optional": true,
      "os": [
        "freebsd"
      ],
      "engines": {
        "node": ">=18"
      }
    },
    "node_modules/@esbuild/linux-arm": {
      "version": "0.25.10",
      "resolved": "https://registry.npmjs.org/@esbuild/linux-arm/-/linux-arm-0.25.10.tgz",
      "integrity": "sha512-oR31GtBTFYCqEBALI9r6WxoU/ZofZl962pouZRTEYECvNF/dtXKku8YXcJkhgK/beU+zedXfIzHijSRapJY3vg==",
      "cpu": [
        "arm"
      ],
      "dev": true,
      "license": "MIT",
      "optional": true,
      "os": [
        "linux"
      ],
      "engines": {
        "node": ">=18"
      }
    },
    "node_modules/@esbuild/linux-arm64": {
      "version": "0.25.10",
      "resolved": "https://registry.npmjs.org/@esbuild/linux-arm64/-/linux-arm64-0.25.10.tgz",
      "integrity": "sha512-5luJWN6YKBsawd5f9i4+c+geYiVEw20FVW5x0v1kEMWNq8UctFjDiMATBxLvmmHA4bf7F6hTRaJgtghFr9iziQ==",
      "cpu": [
        "arm64"
      ],
      "dev": true,
      "license": "MIT",
      "optional": true,
      "os": [
        "linux"
      ],
      "engines": {
        "node": ">=18"
      }
    },
    "node_modules/@esbuild/linux-ia32": {
      "version": "0.25.10",
      "resolved": "https://registry.npmjs.org/@esbuild/linux-ia32/-/linux-ia32-0.25.10.tgz",
      "integrity": "sha512-NrSCx2Kim3EnnWgS4Txn0QGt0Xipoumb6z6sUtl5bOEZIVKhzfyp/Lyw4C1DIYvzeW/5mWYPBFJU3a/8Yr75DQ==",
      "cpu": [
        "ia32"
      ],
      "dev": true,
      "license": "MIT",
      "optional": true,
      "os": [
        "linux"
      ],
      "engines": {
        "node": ">=18"
      }
    },
    "node_modules/@esbuild/linux-loong64": {
      "version": "0.25.10",
      "resolved": "https://registry.npmjs.org/@esbuild/linux-loong64/-/linux-loong64-0.25.10.tgz",
      "integrity": "sha512-xoSphrd4AZda8+rUDDfD9J6FUMjrkTz8itpTITM4/xgerAZZcFW7Dv+sun7333IfKxGG8gAq+3NbfEMJfiY+Eg==",
      "cpu": [
        "loong64"
      ],
      "dev": true,
      "license": "MIT",
      "optional": true,
      "os": [
        "linux"
      ],
      "engines": {
        "node": ">=18"
      }
    },
    "node_modules/@esbuild/linux-mips64el": {
      "version": "0.25.10",
      "resolved": "https://registry.npmjs.org/@esbuild/linux-mips64el/-/linux-mips64el-0.25.10.tgz",
      "integrity": "sha512-ab6eiuCwoMmYDyTnyptoKkVS3k8fy/1Uvq7Dj5czXI6DF2GqD2ToInBI0SHOp5/X1BdZ26RKc5+qjQNGRBelRA==",
      "cpu": [
        "mips64el"
      ],
      "dev": true,
      "license": "MIT",
      "optional": true,
      "os": [
        "linux"
      ],
      "engines": {
        "node": ">=18"
      }
    },
    "node_modules/@esbuild/linux-ppc64": {
      "version": "0.25.10",
      "resolved": "https://registry.npmjs.org/@esbuild/linux-ppc64/-/linux-ppc64-0.25.10.tgz",
      "integrity": "sha512-NLinzzOgZQsGpsTkEbdJTCanwA5/wozN9dSgEl12haXJBzMTpssebuXR42bthOF3z7zXFWH1AmvWunUCkBE4EA==",
      "cpu": [
        "ppc64"
      ],
      "dev": true,
      "license": "MIT",
      "optional": true,
      "os": [
        "linux"
      ],
      "engines": {
        "node": ">=18"
      }
    },
    "node_modules/@esbuild/linux-riscv64": {
      "version": "0.25.10",
      "resolved": "https://registry.npmjs.org/@esbuild/linux-riscv64/-/linux-riscv64-0.25.10.tgz",
      "integrity": "sha512-FE557XdZDrtX8NMIeA8LBJX3dC2M8VGXwfrQWU7LB5SLOajfJIxmSdyL/gU1m64Zs9CBKvm4UAuBp5aJ8OgnrA==",
      "cpu": [
        "riscv64"
      ],
      "dev": true,
      "license": "MIT",
      "optional": true,
      "os": [
        "linux"
      ],
      "engines": {
        "node": ">=18"
      }
    },
    "node_modules/@esbuild/linux-s390x": {
      "version": "0.25.10",
      "resolved": "https://registry.npmjs.org/@esbuild/linux-s390x/-/linux-s390x-0.25.10.tgz",
      "integrity": "sha512-3BBSbgzuB9ajLoVZk0mGu+EHlBwkusRmeNYdqmznmMc9zGASFjSsxgkNsqmXugpPk00gJ0JNKh/97nxmjctdew==",
      "cpu": [
        "s390x"
      ],
      "dev": true,
      "license": "MIT",
      "optional": true,
      "os": [
        "linux"
      ],
      "engines": {
        "node": ">=18"
      }
    },
    "node_modules/@esbuild/linux-x64": {
      "version": "0.25.10",
      "resolved": "https://registry.npmjs.org/@esbuild/linux-x64/-/linux-x64-0.25.10.tgz",
      "integrity": "sha512-QSX81KhFoZGwenVyPoberggdW1nrQZSvfVDAIUXr3WqLRZGZqWk/P4T8p2SP+de2Sr5HPcvjhcJzEiulKgnxtA==",
      "cpu": [
        "x64"
      ],
      "dev": true,
      "license": "MIT",
      "optional": true,
      "os": [
        "linux"
      ],
      "engines": {
        "node": ">=18"
      }
    },
    "node_modules/@esbuild/netbsd-arm64": {
      "version": "0.25.10",
      "resolved": "https://registry.npmjs.org/@esbuild/netbsd-arm64/-/netbsd-arm64-0.25.10.tgz",
      "integrity": "sha512-AKQM3gfYfSW8XRk8DdMCzaLUFB15dTrZfnX8WXQoOUpUBQ+NaAFCP1kPS/ykbbGYz7rxn0WS48/81l9hFl3u4A==",
      "cpu": [
        "arm64"
      ],
      "dev": true,
      "license": "MIT",
      "optional": true,
      "os": [
        "netbsd"
      ],
      "engines": {
        "node": ">=18"
      }
    },
    "node_modules/@esbuild/netbsd-x64": {
      "version": "0.25.10",
      "resolved": "https://registry.npmjs.org/@esbuild/netbsd-x64/-/netbsd-x64-0.25.10.tgz",
      "integrity": "sha512-7RTytDPGU6fek/hWuN9qQpeGPBZFfB4zZgcz2VK2Z5VpdUxEI8JKYsg3JfO0n/Z1E/6l05n0unDCNc4HnhQGig==",
      "cpu": [
        "x64"
      ],
      "dev": true,
      "license": "MIT",
      "optional": true,
      "os": [
        "netbsd"
      ],
      "engines": {
        "node": ">=18"
      }
    },
    "node_modules/@esbuild/openbsd-arm64": {
      "version": "0.25.10",
      "resolved": "https://registry.npmjs.org/@esbuild/openbsd-arm64/-/openbsd-arm64-0.25.10.tgz",
      "integrity": "sha512-5Se0VM9Wtq797YFn+dLimf2Zx6McttsH2olUBsDml+lm0GOCRVebRWUvDtkY4BWYv/3NgzS8b/UM3jQNh5hYyw==",
      "cpu": [
        "arm64"
      ],
      "dev": true,
      "license": "MIT",
      "optional": true,
      "os": [
        "openbsd"
      ],
      "engines": {
        "node": ">=18"
      }
    },
    "node_modules/@esbuild/openbsd-x64": {
      "version": "0.25.10",
      "resolved": "https://registry.npmjs.org/@esbuild/openbsd-x64/-/openbsd-x64-0.25.10.tgz",
      "integrity": "sha512-XkA4frq1TLj4bEMB+2HnI0+4RnjbuGZfet2gs/LNs5Hc7D89ZQBHQ0gL2ND6Lzu1+QVkjp3x1gIcPKzRNP8bXw==",
      "cpu": [
        "x64"
      ],
      "dev": true,
      "license": "MIT",
      "optional": true,
      "os": [
        "openbsd"
      ],
      "engines": {
        "node": ">=18"
      }
    },
    "node_modules/@esbuild/openharmony-arm64": {
      "version": "0.25.10",
      "resolved": "https://registry.npmjs.org/@esbuild/openharmony-arm64/-/openharmony-arm64-0.25.10.tgz",
      "integrity": "sha512-AVTSBhTX8Y/Fz6OmIVBip9tJzZEUcY8WLh7I59+upa5/GPhh2/aM6bvOMQySspnCCHvFi79kMtdJS1w0DXAeag==",
      "cpu": [
        "arm64"
      ],
      "dev": true,
      "license": "MIT",
      "optional": true,
      "os": [
        "openharmony"
      ],
      "engines": {
        "node": ">=18"
      }
    },
    "node_modules/@esbuild/sunos-x64": {
      "version": "0.25.10",
      "resolved": "https://registry.npmjs.org/@esbuild/sunos-x64/-/sunos-x64-0.25.10.tgz",
      "integrity": "sha512-fswk3XT0Uf2pGJmOpDB7yknqhVkJQkAQOcW/ccVOtfx05LkbWOaRAtn5SaqXypeKQra1QaEa841PgrSL9ubSPQ==",
      "cpu": [
        "x64"
      ],
      "dev": true,
      "license": "MIT",
      "optional": true,
      "os": [
        "sunos"
      ],
      "engines": {
        "node": ">=18"
      }
    },
    "node_modules/@esbuild/win32-arm64": {
      "version": "0.25.10",
      "resolved": "https://registry.npmjs.org/@esbuild/win32-arm64/-/win32-arm64-0.25.10.tgz",
      "integrity": "sha512-ah+9b59KDTSfpaCg6VdJoOQvKjI33nTaQr4UluQwW7aEwZQsbMCfTmfEO4VyewOxx4RaDT/xCy9ra2GPWmO7Kw==",
      "cpu": [
        "arm64"
      ],
      "dev": true,
      "license": "MIT",
      "optional": true,
      "os": [
        "win32"
      ],
      "engines": {
        "node": ">=18"
      }
    },
    "node_modules/@esbuild/win32-ia32": {
      "version": "0.25.10",
      "resolved": "https://registry.npmjs.org/@esbuild/win32-ia32/-/win32-ia32-0.25.10.tgz",
      "integrity": "sha512-QHPDbKkrGO8/cz9LKVnJU22HOi4pxZnZhhA2HYHez5Pz4JeffhDjf85E57Oyco163GnzNCVkZK0b/n4Y0UHcSw==",
      "cpu": [
        "ia32"
      ],
      "dev": true,
      "license": "MIT",
      "optional": true,
      "os": [
        "win32"
      ],
      "engines": {
        "node": ">=18"
      }
    },
    "node_modules/@esbuild/win32-x64": {
      "version": "0.25.10",
      "resolved": "https://registry.npmjs.org/@esbuild/win32-x64/-/win32-x64-0.25.10.tgz",
      "integrity": "sha512-9KpxSVFCu0iK1owoez6aC/s/EdUQLDN3adTxGCqxMVhrPDj6bt5dbrHDXUuq+Bs2vATFBBrQS5vdQ/Ed2P+nbw==",
      "cpu": [
        "x64"
      ],
      "dev": true,
      "license": "MIT",
      "optional": true,
      "os": [
        "win32"
      ],
      "engines": {
        "node": ">=18"
      }
    },
    "node_modules/@turf/bbox": {
      "version": "7.3.0",
      "resolved": "https://registry.npmjs.org/@turf/bbox/-/bbox-7.3.0.tgz",
      "integrity": "sha512-EC5GSUJlhXSiCVCEmgCSheZYm0s1ouKzUNqeEOsEYlqTbMAZ19RWgsg/xH2tjnuUw2JP9eGAUzQnCFX6JEV53w==",
      "license": "MIT",
      "dependencies": {
        "@turf/helpers": "7.3.0",
        "@turf/meta": "7.3.0",
        "@types/geojson": "^7946.0.10",
        "tslib": "^2.8.1"
      },
      "funding": {
        "url": "https://opencollective.com/turf"
      }
    },
    "node_modules/@turf/boolean-disjoint": {
      "version": "7.3.0",
      "resolved": "https://registry.npmjs.org/@turf/boolean-disjoint/-/boolean-disjoint-7.3.0.tgz",
      "integrity": "sha512-u7b0thAtaw/+ZQPQJE/qK+Pe0sXbr2wvmm4uxEs4mOEhsoN0Wu4HcWtbWZuL4JoGBbmLV3+tnUC0tUn54jYEuA==",
      "license": "MIT",
      "dependencies": {
        "@turf/boolean-point-in-polygon": "7.3.0",
        "@turf/helpers": "7.3.0",
        "@turf/line-intersect": "7.3.0",
        "@turf/meta": "7.3.0",
        "@turf/polygon-to-line": "7.3.0",
        "@types/geojson": "^7946.0.10",
        "tslib": "^2.8.1"
      },
      "funding": {
        "url": "https://opencollective.com/turf"
      }
    },
    "node_modules/@turf/boolean-intersects": {
      "version": "7.3.0",
      "resolved": "https://registry.npmjs.org/@turf/boolean-intersects/-/boolean-intersects-7.3.0.tgz",
      "integrity": "sha512-+S7YJFrrQ7LxIImHqeaU8yiXG+65dB3qTnbpIx0aKJjJhUS6IAMc96O2e4kUNPWhjJKvRWf0Weu43stVPP90KQ==",
      "license": "MIT",
      "dependencies": {
        "@turf/boolean-disjoint": "7.3.0",
        "@turf/helpers": "7.3.0",
        "@turf/meta": "7.3.0",
        "@types/geojson": "^7946.0.10",
        "tslib": "^2.8.1"
      },
      "funding": {
        "url": "https://opencollective.com/turf"
      }
    },
    "node_modules/@turf/boolean-point-in-polygon": {
      "version": "7.3.0",
      "resolved": "https://registry.npmjs.org/@turf/boolean-point-in-polygon/-/boolean-point-in-polygon-7.3.0.tgz",
      "integrity": "sha512-zTVCH77sRJyzUPWVmoS/UCl4pDmChSpNhoVA+BC9XDGkLuBSKhAvK7hcOn/KF55z7RgbvQFNNR2lRqmQUi/OFg==",
      "license": "MIT",
      "dependencies": {
        "@turf/helpers": "7.3.0",
        "@turf/invariant": "7.3.0",
        "@types/geojson": "^7946.0.10",
        "point-in-polygon-hao": "^1.1.0",
        "tslib": "^2.8.1"
      },
      "funding": {
        "url": "https://opencollective.com/turf"
      }
    },
    "node_modules/@turf/boolean-point-on-line": {
      "version": "7.3.0",
      "resolved": "https://registry.npmjs.org/@turf/boolean-point-on-line/-/boolean-point-on-line-7.3.0.tgz",
      "integrity": "sha512-K4PxA23/pxqmv5roUxKnLm+mY92DWUVfjv+6SzrNBymHQOjDoDp/RcpTHHFM3koaUJiQx7MZ8txus5kkw+mDOA==",
      "license": "MIT",
      "dependencies": {
        "@turf/helpers": "7.3.0",
        "@turf/invariant": "7.3.0",
        "@types/geojson": "^7946.0.10",
        "tslib": "^2.8.1"
      },
      "funding": {
        "url": "https://opencollective.com/turf"
      }
    },
    "node_modules/@turf/buffer": {
      "version": "7.3.0",
      "resolved": "https://registry.npmjs.org/@turf/buffer/-/buffer-7.3.0.tgz",
      "integrity": "sha512-egIGQjDYiJTYDeXgS9rf569KYCQ9OOE5+FM/lNIYkP2xRrGbSMB/2zT6VPZvcvjfiawNkOZEa8OlwhygacK2gA==",
      "license": "MIT",
      "dependencies": {
        "@turf/bbox": "7.3.0",
        "@turf/center": "7.3.0",
        "@turf/helpers": "7.3.0",
        "@turf/jsts": "^2.7.1",
        "@turf/meta": "7.3.0",
        "@turf/projection": "7.3.0",
        "@types/geojson": "^7946.0.10",
        "d3-geo": "1.7.1"
      },
      "funding": {
        "url": "https://opencollective.com/turf"
      }
    },
    "node_modules/@turf/center": {
      "version": "7.3.0",
      "resolved": "https://registry.npmjs.org/@turf/center/-/center-7.3.0.tgz",
      "integrity": "sha512-OrXgY9Hz9qnfhuEUrB2PHJnyiC0T1al292ZNTvG382G9ZdjUTRhzz4ajT5a4Mtar/QF+p2KwN8SiFlB2H2N7oQ==",
      "license": "MIT",
      "dependencies": {
        "@turf/bbox": "7.3.0",
        "@turf/helpers": "7.3.0",
        "@types/geojson": "^7946.0.10",
        "tslib": "^2.8.1"
      },
      "funding": {
        "url": "https://opencollective.com/turf"
      }
    },
    "node_modules/@turf/clean-coords": {
      "version": "7.3.0",
      "resolved": "https://registry.npmjs.org/@turf/clean-coords/-/clean-coords-7.3.0.tgz",
      "integrity": "sha512-bdUS8hoWe0IBMCJu5i+2E+3TUQQ/tQqlBdUjGvRwZhy4QDlosXlx8ZZ7SG+H9M7rRaaOIvE7srDgr++yoKkv/Q==",
      "license": "MIT",
      "dependencies": {
        "@turf/boolean-point-on-line": "7.3.0",
        "@turf/helpers": "7.3.0",
        "@turf/invariant": "7.3.0",
        "@types/geojson": "^7946.0.10",
        "tslib": "^2.8.1"
      },
      "funding": {
        "url": "https://opencollective.com/turf"
      }
    },
    "node_modules/@turf/clone": {
      "version": "7.3.0",
      "resolved": "https://registry.npmjs.org/@turf/clone/-/clone-7.3.0.tgz",
      "integrity": "sha512-mf6TFxrNrNs64hyXjkFqhEXi3m+0WduQ8Ixqh4VcHV7LdkXg+rW0CxuSGoOlLgjYa6iscHoGCycOrTDyYyD6EA==",
      "license": "MIT",
      "dependencies": {
        "@turf/helpers": "7.3.0",
        "@types/geojson": "^7946.0.10",
        "tslib": "^2.8.1"
      },
      "funding": {
        "url": "https://opencollective.com/turf"
      }
    },
    "node_modules/@turf/helpers": {
      "version": "7.3.0",
      "resolved": "https://registry.npmjs.org/@turf/helpers/-/helpers-7.3.0.tgz",
      "integrity": "sha512-5kWdgwI6e2vGbkt2qOD+Z2BiKQ7dfKN/PtWRLCpvzyOO59rk19R53CHi8nUT/Y1vQLgWmT6eNpiKwsWwPZGIdg==",
      "license": "MIT",
      "dependencies": {
        "@types/geojson": "^7946.0.10",
        "tslib": "^2.8.1"
      },
      "funding": {
        "url": "https://opencollective.com/turf"
      }
    },
    "node_modules/@turf/invariant": {
      "version": "7.3.0",
      "resolved": "https://registry.npmjs.org/@turf/invariant/-/invariant-7.3.0.tgz",
      "integrity": "sha512-AmDFmdhpbLZv0zlI4EF4bVFE0iYmKcOBI2m8DTcFFUQDRusgjc+NLCnX1RIENfYyeI2FKHg84E9vSt6XytUDvw==",
      "license": "MIT",
      "dependencies": {
        "@turf/helpers": "7.3.0",
        "@types/geojson": "^7946.0.10",
        "tslib": "^2.8.1"
      },
      "funding": {
        "url": "https://opencollective.com/turf"
      }
    },
    "node_modules/@turf/jsts": {
      "version": "2.7.2",
      "resolved": "https://registry.npmjs.org/@turf/jsts/-/jsts-2.7.2.tgz",
      "integrity": "sha512-zAezGlwWHPyU0zxwcX2wQY3RkRpwuoBmhhNE9HY9kWhFDkCxZ3aWK5URKwa/SWKJbj9aztO+8vtdiBA28KVJFg==",
      "license": "(EDL-1.0 OR EPL-1.0)",
      "dependencies": {
        "jsts": "2.7.1"
      }
    },
    "node_modules/@turf/line-intersect": {
      "version": "7.3.0",
      "resolved": "https://registry.npmjs.org/@turf/line-intersect/-/line-intersect-7.3.0.tgz",
      "integrity": "sha512-OJi54/VHBox+mRdK7IJLT1A/TJI+ORoYuYDtX2dqSMHeb2NnDS/9W6ipZ2wqt9aZDQzWKSlg2AkWtQWyVmlFfA==",
      "license": "MIT",
      "dependencies": {
        "@turf/helpers": "7.3.0",
        "@types/geojson": "^7946.0.10",
        "sweepline-intersections": "^1.5.0",
        "tslib": "^2.8.1"
      },
      "funding": {
        "url": "https://opencollective.com/turf"
      }
    },
    "node_modules/@turf/meta": {
      "version": "7.3.0",
      "resolved": "https://registry.npmjs.org/@turf/meta/-/meta-7.3.0.tgz",
      "integrity": "sha512-fTLqdQqRm8qA2zHHUbBMY++YT9LDQejLG7OD70XF2dwg9nPiF9mUxO7nrsDp2IY8vNmH9OTAiMtlIjb0ssYccg==",
      "license": "MIT",
      "dependencies": {
        "@turf/helpers": "7.3.0",
        "@types/geojson": "^7946.0.10"
      },
      "funding": {
        "url": "https://opencollective.com/turf"
      }
    },
    "node_modules/@turf/polygon-to-line": {
      "version": "7.3.0",
      "resolved": "https://registry.npmjs.org/@turf/polygon-to-line/-/polygon-to-line-7.3.0.tgz",
      "integrity": "sha512-dVU2iK3cXacAaHUpobH1VWhcHhiCvRBblgYlI5Co2+ailbjt8aO76FUWfXzYM9ULobc2Tv1rrfk8Nkd2yqg4bQ==",
      "license": "MIT",
      "dependencies": {
        "@turf/helpers": "7.3.0",
        "@turf/invariant": "7.3.0",
        "@types/geojson": "^7946.0.10",
        "tslib": "^2.8.1"
      },
      "funding": {
        "url": "https://opencollective.com/turf"
      }
    },
    "node_modules/@turf/projection": {
      "version": "7.3.0",
      "resolved": "https://registry.npmjs.org/@turf/projection/-/projection-7.3.0.tgz",
      "integrity": "sha512-Dd0E77RnhyBdL5jvZP/FvXsKKnxXrDuHKr2iFBsNTc4OwonUrmvC/UVSMhRxHl7GI4S0shi0VI/NQ5dsAleMKg==",
      "license": "MIT",
      "dependencies": {
        "@turf/clone": "7.3.0",
        "@turf/helpers": "7.3.0",
        "@turf/meta": "7.3.0",
        "@types/geojson": "^7946.0.10",
        "tslib": "^2.8.1"
      },
      "funding": {
        "url": "https://opencollective.com/turf"
      }
    },
    "node_modules/@turf/simplify": {
      "version": "7.3.0",
      "resolved": "https://registry.npmjs.org/@turf/simplify/-/simplify-7.3.0.tgz",
      "integrity": "sha512-5akWNR7CZQOCwpKUV7qlQGoi9e1tVUA76kCePUQ+dOuTx8lodXKBfjrDiBX/qNzzbSO7gcJHiwI7IwkZfO4zIg==",
      "license": "MIT",
      "dependencies": {
        "@turf/clean-coords": "7.3.0",
        "@turf/clone": "7.3.0",
        "@turf/helpers": "7.3.0",
        "@turf/meta": "7.3.0",
        "@types/geojson": "^7946.0.10",
        "tslib": "^2.8.1"
      },
      "funding": {
        "url": "https://opencollective.com/turf"
      }
    },
    "node_modules/@types/geojson": {
      "version": "7946.0.16",
      "resolved": "https://registry.npmjs.org/@types/geojson/-/geojson-7946.0.16.tgz",
      "integrity": "sha512-6C8nqWur3j98U6+lXDfTUWIfgvZU+EumvpHKcYjujKH7woYyLj2sUmff0tRhrqM7BohUw7Pz3ZB1jj2gW9Fvmg==",
      "license": "MIT"
    },
    "node_modules/d3-array": {
      "version": "1.2.4",
      "resolved": "https://registry.npmjs.org/d3-array/-/d3-array-1.2.4.tgz",
      "integrity": "sha512-KHW6M86R+FUPYGb3R5XiYjXPq7VzwxZ22buHhAEVG5ztoEcZZMLov530mmccaqA1GghZArjQV46fuc8kUqhhHw==",
      "license": "BSD-3-Clause"
    },
    "node_modules/d3-geo": {
      "version": "1.7.1",
      "resolved": "https://registry.npmjs.org/d3-geo/-/d3-geo-1.7.1.tgz",
      "integrity": "sha512-O4AempWAr+P5qbk2bC2FuN/sDW4z+dN2wDf9QV3bxQt4M5HfOEeXLgJ/UKQW0+o1Dj8BE+L5kiDbdWUMjsmQpw==",
      "license": "BSD-3-Clause",
      "dependencies": {
        "d3-array": "1"
      }
    },
    "node_modules/esbuild": {
      "version": "0.25.10",
      "resolved": "https://registry.npmjs.org/esbuild/-/esbuild-0.25.10.tgz",
      "integrity": "sha512-9RiGKvCwaqxO2owP61uQ4BgNborAQskMR6QusfWzQqv7AZOg5oGehdY2pRJMTKuwxd1IDBP4rSbI5lHzU7SMsQ==",
      "dev": true,
      "hasInstallScript": true,
      "license": "MIT",
      "bin": {
        "esbuild": "bin/esbuild"
      },
      "engines": {
        "node": ">=18"
      },
      "optionalDependencies": {
        "@esbuild/aix-ppc64": "0.25.10",
        "@esbuild/android-arm": "0.25.10",
        "@esbuild/android-arm64": "0.25.10",
        "@esbuild/android-x64": "0.25.10",
        "@esbuild/darwin-arm64": "0.25.10",
        "@esbuild/darwin-x64": "0.25.10",
        "@esbuild/freebsd-arm64": "0.25.10",
        "@esbuild/freebsd-x64": "0.25.10",
        "@esbuild/linux-arm": "0.25.10",
        "@esbuild/linux-arm64": "0.25.10",
        "@esbuild/linux-ia32": "0.25.10",
        "@esbuild/linux-loong64": "0.25.10",
        "@esbuild/linux-mips64el": "0.25.10",
        "@esbuild/linux-ppc64": "0.25.10",
        "@esbuild/linux-riscv64": "0.25.10",
        "@esbuild/linux-s390x": "0.25.10",
        "@esbuild/linux-x64": "0.25.10",
        "@esbuild/netbsd-arm64": "0.25.10",
        "@esbuild/netbsd-x64": "0.25.10",
        "@esbuild/openbsd-arm64": "0.25.10",
        "@esbuild/openbsd-x64": "0.25.10",
        "@esbuild/openharmony-arm64": "0.25.10",
        "@esbuild/sunos-x64": "0.25.10",
        "@esbuild/win32-arm64": "0.25.10",
        "@esbuild/win32-ia32": "0.25.10",
        "@esbuild/win32-x64": "0.25.10"
      }
    },
    "node_modules/jsts": {
      "version": "2.7.1",
      "resolved": "https://registry.npmjs.org/jsts/-/jsts-2.7.1.tgz",
      "integrity": "sha512-x2wSZHEBK20CY+Wy+BPE7MrFQHW6sIsdaGUMEqmGAio+3gFzQaBYPwLRonUfQf9Ak8pBieqj9tUofX1+WtAEIg==",
      "license": "(EDL-1.0 OR EPL-1.0)",
      "engines": {
        "node": ">= 12"
      }
    },
    "node_modules/point-in-polygon-hao": {
      "version": "1.2.4",
      "resolved": "https://registry.npmjs.org/point-in-polygon-hao/-/point-in-polygon-hao-1.2.4.tgz",
      "integrity": "sha512-x2pcvXeqhRHlNRdhLs/tgFapAbSSe86wa/eqmj1G6pWftbEs5aVRJhRGM6FYSUERKu0PjekJzMq0gsI2XyiclQ==",
      "license": "MIT",
      "dependencies": {
        "robust-predicates": "^3.0.2"
      }
    },
    "node_modules/robust-predicates": {
      "version": "3.0.3",
      "resolved": "https://registry.npmjs.org/robust-predicates/-/robust-predicates-3.0.3.tgz",
      "integrity": "sha512-NS3levdsRIUOmiJ8FZWCP7LG3QpJyrs/TE0Zpf1yvZu8cAJJ6QMW92H1c7kWpdIHo8RvmLxN/o2JXTKHp74lUA==",
      "license": "Unlicense"
    },
    "node_modules/sweepline-intersections": {
      "version": "1.5.0",
      "resolved": "https://registry.npmjs.org/sweepline-intersections/-/sweepline-intersections-1.5.0.tgz",
      "integrity": "sha512-AoVmx72QHpKtItPu72TzFL+kcYjd67BPLDoR0LarIk+xyaRg+pDTMFXndIEvZf9xEKnJv6JdhgRMnocoG0D3AQ==",
      "license": "MIT",
      "dependencies": {
        "tinyqueue": "^2.0.0"
      }
    },
    "node_modules/tinyqueue": {
      "version": "2.0.3",
      "resolved": "https://registry.npmjs.org/tinyqueue/-/tinyqueue-2.0.3.tgz",
      "integrity": "sha512-ppJZNDuKGgxzkHihX8v9v9G5f+18gzaTfrukGrq6ueg0lmH4nqVnA2IPG0AEH3jKEk2GRJCUhDoqpoiw3PHLBA==",
      "license": "ISC"
    },
    "node_modules/tslib": {
      "version": "2.8.1",
      "resolved": "https://registry.npmjs.org/tslib/-/tslib-2.8.1.tgz",
      "integrity": "sha512-oJFu94HQb+KVduSUQL7wnpmqnfmLsOA/nAh6b6EH0wCEoK0/mPeXU6c3wKDV83MkOuHPRHtSXKKU99IBazS/2w==",
      "license": "0BSD"
    }
  }
}
